
Microsoft Visual Studio Solution File, Format Version 12.00
# Visual Studio Version 16
VisualStudioVersion = 16.0.31005.135
MinimumVisualStudioVersion = 10.0.40219.1
Project("{FAE04EC0-301F-11D3-BF4B-00C04F79EFBC}") = "ApiQueryMusic", "ApiQueryMusic\ApiQueryMusic.csproj", "{5C31E3BB-F2F8-4017-B52F-1EBE19D58F4B}"
EndProject
Global
	GlobalSection(SolutionConfigurationPlatforms) = preSolution
		Debug|Any CPU = Debug|Any CPU
		Release|Any CPU = Release|Any CPU
	EndGlobalSection
	GlobalSection(ProjectConfigurationPlatforms) = postSolution
		{5C31E3BB-F2F8-4017-B52F-1EBE19D58F4B}.Debug|Any CPU.ActiveCfg = Debug|Any CPU
		{5C31E3BB-F2F8-4017-B52F-1EBE19D58F4B}.Debug|Any CPU.Build.0 = Debug|Any CPU
		{5C31E3BB-F2F8-4017-B52F-1EBE19D58F4B}.Release|Any CPU.ActiveCfg = Release|Any CPU
		{5C31E3BB-F2F8-4017-B52F-1EBE19D58F4B}.Release|Any CPU.Build.0 = Release|Any CPU
	EndGlobalSection
	GlobalSection(SolutionProperties) = preSolution
		HideSolutionNode = FALSE
	EndGlobalSection
	GlobalSection(ExtensibilityGlobals) = postSolution
		SolutionGuid = {0B87F7E9-95D5-436C-978D-3921BD1DA52C}
	EndGlobalSection
EndGlobal
